# This file was autogenerated by Stack.
# You should not edit this file by hand.
# For more information, please see the documentation at:
#   https://docs.haskellstack.org/en/stable/lock_files

packages:
- completed:
    hackage: regex-posix-clib-2.7@sha256:998fca06da3d719818f0691ef0b8b9b7375afeea228cb08bd9e2db53f96b0cd7,1232
    pantry-tree:
      size: 524
      sha256: 5bf20952472d930323766d250f5fbbe3fe6f2cd3d931e5cf7b62a238ab2099ff
  original:
    hackage: regex-posix-clib-2.7
- completed:
    hackage: elm-street-0.1.0.4@sha256:9a57d0c42940694a4667278b52a060892e955111e6a197e9afcd7beca5193940,4439
    pantry-tree:
      size: 1190
      sha256: eac67d9b492d86cf6fdfe0eea8084e24729ac5f1318801d435bb843a3210e1e1
  original:
    hackage: elm-street-0.1.0.4
- completed:
    hackage: relude-1.0.0.1@sha256:35bcdaf14018e79f11e712b0e2314c1aac79976f28f4adc179985457493557d5,11569
    pantry-tree:
      size: 4282
      sha256: ead687d39d06c841de36fc214402ad4389e8837284485cfe52d975f51b274e81
  original:
    hackage: relude-1.0.0.1
- completed:
    hackage: polysemy-1.5.0.0@sha256:7edb723e7f703fe273a40e43fe33f6e8f7659fe60759e8698def1481262d314d,6246
    pantry-tree:
      size: 4438
      sha256: 7b7d379751f79f0e0e5afcdf3d8092e5b8e04515710f21f514aa8f29ce4835f4
  original:
    hackage: polysemy-1.5.0.0
- completed:
    hackage: polysemy-plugin-0.3.0.0@sha256:22e7553d0fddb48d9484ba1c71d2ed825213fcb214866d9b502ee02bfb960cb4,3121
    pantry-tree:
      size: 1162
      sha256: 8d0bbea846d4410b769687daa8595ff1349efd02c1ab528a857883388dd2db45
  original:
    hackage: polysemy-plugin-0.3.0.0
snapshots:
- completed:
    size: 567241
    url: https://raw.githubusercontent.com/commercialhaskell/stackage-snapshots/master/lts/17/10.yaml
    sha256: 321b3b9f0c7f76994b39e0dabafdc76478274b4ff74cc5e43d410897a335ad3b
  original: lts-17.10
